
Microsoft Visual Studio Solution File, Format Version 12.00
# Visual Studio Version 17
VisualStudioVersion = 17.7.34024.191
MinimumVisualStudioVersion = 10.0.40219.1
Project("{8BC9CEB8-8B4A-11D0-8D11-00A0C91BC942}") = "area_cuadrado", "area_cuadrado.vcxproj", "{5F68E262-F9A1-45A9-ACD5-9FCBA2A8BA98}"
EndProject
Global
	GlobalSection(SolutionConfigurationPlatforms) = preSolution
		Debug|x64 = Debug|x64
		Debug|x86 = Debug|x86
		Release|x64 = Release|x64
		Release|x86 = Release|x86
	EndGlobalSection
	GlobalSection(ProjectConfigurationPlatforms) = postSolution
		{5F68E262-F9A1-45A9-ACD5-9FCBA2A8BA98}.Debug|x64.ActiveCfg = Debug|x64
		{5F68E262-F9A1-45A9-ACD5-9FCBA2A8BA98}.Debug|x64.Build.0 = Debug|x64
		{5F68E262-F9A1-45A9-ACD5-9FCBA2A8BA98}.Debug|x86.ActiveCfg = Debug|Win32
		{5F68E262-F9A1-45A9-ACD5-9FCBA2A8BA98}.Debug|x86.Build.0 = Debug|Win32
		{5F68E262-F9A1-45A9-ACD5-9FCBA2A8BA98}.Release|x64.ActiveCfg = Release|x64
		{5F68E262-F9A1-45A9-ACD5-9FCBA2A8BA98}.Release|x64.Build.0 = Release|x64
		{5F68E262-F9A1-45A9-ACD5-9FCBA2A8BA98}.Release|x86.ActiveCfg = Release|Win32
		{5F68E262-F9A1-45A9-ACD5-9FCBA2A8BA98}.Release|x86.Build.0 = Release|Win32
	EndGlobalSection
	GlobalSection(SolutionProperties) = preSolution
		HideSolutionNode = FALSE
	EndGlobalSection
	GlobalSection(ExtensibilityGlobals) = postSolution
		SolutionGuid = {557C5090-1BD2-47E6-82D9-419FF88A8BCE}
	EndGlobalSection
EndGlobal
